// !$*UTF8*$!
{
	archiveVersion = 1;
	classes = {
	};
	objectVersion = 56;
	objects = {

/* Begin PBXBuildFile section */
		67BCB3AD7273A1961B5CAB53 /* HundredP.icon in Sources */ = {isa = PBXBuildFile; fileRef = 7A39A7C0CCBEE259107D4CE8 /* HundredP.icon */; };
		B0B000000000000000000001 /* HundredPApp.swift in Sources */ = {isa = PBXBuildFile; fileRef = B0B100000000000000000001 /* HundredPApp.swift */; };
		B0B000000000000000000002 /* DeviceScale.swift in Sources */ = {isa = PBXBuildFile; fileRef = B0B100000000000000000002 /* DeviceScale.swift */; };
		B0B000000000000000000003 /* AppSettings.swift in Sources */ = {isa = PBXBuildFile; fileRef = B0B100000000000000000003 /* AppSettings.swift */; };
		B0B000000000000000000004 /* NotebookPage.swift in Sources */ = {isa = PBXBuildFile; fileRef = B0B100000000000000000004 /* NotebookPage.swift */; };
		B0B000000000000000000005 /* iCloudFolderService.swift in Sources */ = {isa = PBXBuildFile; fileRef = B0B100000000000000000005 /* iCloudFolderService.swift */; };
		B0B000000000000000000006 /* NotebookStore.swift in Sources */ = {isa = PBXBuildFile; fileRef = B0B100000000000000000006 /* NotebookStore.swift */; };
		B0B000000000000000000007 /* PDFExporter.swift in Sources */ = {isa = PBXBuildFile; fileRef = B0B100000000000000000007 /* PDFExporter.swift */; };
		B0B000000000000000000008 /* ContentView.swift in Sources */ = {isa = PBXBuildFile; fileRef = B0B100000000000000000008 /* ContentView.swift */; };
		B0B000000000000000000009 /* FolderPickerView.swift in Sources */ = {isa = PBXBuildFile; fileRef = B0B100000000000000000009 /* FolderPickerView.swift */; };
		B0B000000000000000000010 /* PagerView.swift in Sources */ = {isa = PBXBuildFile; fileRef = B0B100000000000000000010 /* PagerView.swift */; };
		B0B000000000000000000105 /* ResetDialogView.swift in Sources */ = {isa = PBXBuildFile; fileRef = B0B100000000000000000105 /* ResetDialogView.swift */; };
		B0B000000000000000000104 /* PillButtonStyle.swift in Sources */ = {isa = PBXBuildFile; fileRef = B0B100000000000000000104 /* PillButtonStyle.swift */; };
		B0B000000000000000000011 /* PagerViewController.swift in Sources */ = {isa = PBXBuildFile; fileRef = B0B100000000000000000011 /* PagerViewController.swift */; };
		B0B000000000000000000012 /* HundredPCanvasView.swift in Sources */ = {isa = PBXBuildFile; fileRef = B0B100000000000000000012 /* HundredPCanvasView.swift */; };
		B0B000000000000000000013 /* Assets.xcassets in Resources */ = {isa = PBXBuildFile; fileRef = B0B100000000000000000013 /* Assets.xcassets */; };
		B0B000000000000000000101 /* DeviceScaleTests.swift in Sources */ = {isa = PBXBuildFile; fileRef = B0B100000000000000000101 /* DeviceScaleTests.swift */; };
		B0B000000000000000000102 /* PDFLayoutTests.swift in Sources */ = {isa = PBXBuildFile; fileRef = B0B100000000000000000102 /* PDFLayoutTests.swift */; };
		B0B000000000000000000103 /* NotebookRolloverTests.swift in Sources */ = {isa = PBXBuildFile; fileRef = B0B100000000000000000103 /* NotebookRolloverTests.swift */; };
/* End PBXBuildFile section */

/* Begin PBXContainerItemProxy section */
		B0B700000000000000000001 /* PBXContainerItemProxy */ = {
			isa = PBXContainerItemProxy;
			containerPortal = B0B500000000000000000001 /* Project object */;
			proxyType = 1;
			remoteGlobalIDString = B0B300000000000000000001;
			remoteInfo = HundredP;
		};
/* End PBXContainerItemProxy section */

/* Begin PBXFileReference section */
		7A39A7C0CCBEE259107D4CE8 /* HundredP.icon */ = {isa = PBXFileReference; includeInIndex = 1; lastKnownFileType = folder.iconcomposer.icon; name = HundredP.icon; path = HundredP.icon; sourceTree = "<group>"; };
		B0B100000000000000000001 /* HundredPApp.swift */ = {isa = PBXFileReference; lastKnownFileType = sourcecode.swift; path = HundredPApp.swift; sourceTree = "<group>"; };
		B0B100000000000000000002 /* DeviceScale.swift */ = {isa = PBXFileReference; lastKnownFileType = sourcecode.swift; path = DeviceScale.swift; sourceTree = "<group>"; };
		B0B100000000000000000003 /* AppSettings.swift */ = {isa = PBXFileReference; lastKnownFileType = sourcecode.swift; path = AppSettings.swift; sourceTree = "<group>"; };
		B0B100000000000000000004 /* NotebookPage.swift */ = {isa = PBXFileReference; lastKnownFileType = sourcecode.swift; path = NotebookPage.swift; sourceTree = "<group>"; };
		B0B100000000000000000005 /* iCloudFolderService.swift */ = {isa = PBXFileReference; lastKnownFileType = sourcecode.swift; path = iCloudFolderService.swift; sourceTree = "<group>"; };
		B0B100000000000000000006 /* NotebookStore.swift */ = {isa = PBXFileReference; lastKnownFileType = sourcecode.swift; path = NotebookStore.swift; sourceTree = "<group>"; };
		B0B100000000000000000007 /* PDFExporter.swift */ = {isa = PBXFileReference; lastKnownFileType = sourcecode.swift; path = PDFExporter.swift; sourceTree = "<group>"; };
		B0B100000000000000000008 /* ContentView.swift */ = {isa = PBXFileReference; lastKnownFileType = sourcecode.swift; path = ContentView.swift; sourceTree = "<group>"; };
		B0B100000000000000000009 /* FolderPickerView.swift */ = {isa = PBXFileReference; lastKnownFileType = sourcecode.swift; path = FolderPickerView.swift; sourceTree = "<group>"; };
		B0B100000000000000000010 /* PagerView.swift */ = {isa = PBXFileReference; lastKnownFileType = sourcecode.swift; path = PagerView.swift; sourceTree = "<group>"; };
		B0B100000000000000000105 /* ResetDialogView.swift */ = {isa = PBXFileReference; lastKnownFileType = sourcecode.swift; path = ResetDialogView.swift; sourceTree = "<group>"; };
		B0B100000000000000000104 /* PillButtonStyle.swift */ = {isa = PBXFileReference; lastKnownFileType = sourcecode.swift; path = PillButtonStyle.swift; sourceTree = "<group>"; };
		B0B100000000000000000011 /* PagerViewController.swift */ = {isa = PBXFileReference; lastKnownFileType = sourcecode.swift; path = PagerViewController.swift; sourceTree = "<group>"; };
		B0B100000000000000000012 /* HundredPCanvasView.swift */ = {isa = PBXFileReference; lastKnownFileType = sourcecode.swift; path = HundredPCanvasView.swift; sourceTree = "<group>"; };
		B0B100000000000000000013 /* Assets.xcassets */ = {isa = PBXFileReference; lastKnownFileType = folder.assetcatalog; path = Assets.xcassets; sourceTree = "<group>"; };
		B0B100000000000000000014 /* HundredP.entitlements */ = {isa = PBXFileReference; lastKnownFileType = text.plist.entitlements; path = HundredP.entitlements; sourceTree = "<group>"; };
		B0B100000000000000000015 /* HundredP.app */ = {isa = PBXFileReference; explicitFileType = wrapper.application; includeInIndex = 0; path = HundredP.app; sourceTree = BUILT_PRODUCTS_DIR; };
		B0B100000000000000000101 /* DeviceScaleTests.swift */ = {isa = PBXFileReference; lastKnownFileType = sourcecode.swift; path = DeviceScaleTests.swift; sourceTree = "<group>"; };
		B0B100000000000000000102 /* PDFLayoutTests.swift */ = {isa = PBXFileReference; lastKnownFileType = sourcecode.swift; path = PDFLayoutTests.swift; sourceTree = "<group>"; };
		B0B100000000000000000103 /* NotebookRolloverTests.swift */ = {isa = PBXFileReference; lastKnownFileType = sourcecode.swift; path = NotebookRolloverTests.swift; sourceTree = "<group>"; };
		B0B100000000000000000199 /* HundredPTests.xctest */ = {isa = PBXFileReference; explicitFileType = wrapper.cfbundle; includeInIndex = 0; path = HundredPTests.xctest; sourceTree = BUILT_PRODUCTS_DIR; };
/* End PBXFileReference section */

/* Begin PBXFrameworksBuildPhase section */
		B0B400000000000000000002 /* Frameworks */ = {
			isa = PBXFrameworksBuildPhase;
			buildActionMask = 2147483647;
			files = (
			);
			runOnlyForDeploymentPostprocessing = 0;
		};
		B0B400000000000000000005 /* Frameworks */ = {
			isa = PBXFrameworksBuildPhase;
			buildActionMask = 2147483647;
			files = (
			);
			runOnlyForDeploymentPostprocessing = 0;
		};
/* End PBXFrameworksBuildPhase section */

/* Begin PBXGroup section */
		B0B200000000000000000001 = {
			isa = PBXGroup;
			children = (
				B0B200000000000000000002 /* HundredP */,
				B0B200000000000000000007 /* HundredPTests */,
				B0B200000000000000000008 /* Products */,
			);
			sourceTree = "<group>";
		};
		B0B200000000000000000002 /* HundredP */ = {
			isa = PBXGroup;
			children = (
				B0B100000000000000000001 /* HundredPApp.swift */,
				B0B100000000000000000002 /* DeviceScale.swift */,
				B0B100000000000000000014 /* HundredP.entitlements */,
				B0B100000000000000000013 /* Assets.xcassets */,
				B0B200000000000000000003 /* Models */,
				B0B200000000000000000004 /* Services */,
				B0B200000000000000000005 /* Views */,
				B0B200000000000000000006 /* Support */,
				7A39A7C0CCBEE259107D4CE8 /* HundredP.icon */,
			);
			path = HundredP;
			sourceTree = "<group>";
		};
		B0B200000000000000000003 /* Models */ = {
			isa = PBXGroup;
			children = (
				B0B100000000000000000003 /* AppSettings.swift */,
				B0B100000000000000000004 /* NotebookPage.swift */,
			);
			path = Models;
			sourceTree = "<group>";
		};
		B0B200000000000000000004 /* Services */ = {
			isa = PBXGroup;
			children = (
				B0B100000000000000000005 /* iCloudFolderService.swift */,
				B0B100000000000000000006 /* NotebookStore.swift */,
				B0B100000000000000000007 /* PDFExporter.swift */,
			);
			path = Services;
			sourceTree = "<group>";
		};
		B0B200000000000000000005 /* Views */ = {
			isa = PBXGroup;
			children = (
				B0B100000000000000000008 /* ContentView.swift */,
				B0B100000000000000000009 /* FolderPickerView.swift */,
				B0B100000000000000000010 /* PagerView.swift */,
				B0B100000000000000000105 /* ResetDialogView.swift */,
				B0B100000000000000000104 /* PillButtonStyle.swift */,
				B0B100000000000000000011 /* PagerViewController.swift */,
			);
			path = Views;
			sourceTree = "<group>";
		};
		B0B200000000000000000006 /* Support */ = {
			isa = PBXGroup;
			children = (
				B0B100000000000000000012 /* HundredPCanvasView.swift */,
			);
			path = Support;
			sourceTree = "<group>";
		};
		B0B200000000000000000007 /* HundredPTests */ = {
			isa = PBXGroup;
			children = (
				B0B100000000000000000101 /* DeviceScaleTests.swift */,
				B0B100000000000000000102 /* PDFLayoutTests.swift */,
				B0B100000000000000000103 /* NotebookRolloverTests.swift */,
			);
			path = HundredPTests;
			sourceTree = "<group>";
		};
		B0B200000000000000000008 /* Products */ = {
			isa = PBXGroup;
			children = (
				B0B100000000000000000015 /* HundredP.app */,
				B0B100000000000000000199 /* HundredPTests.xctest */,
			);
			name = Products;
			sourceTree = "<group>";
		};
/* End PBXGroup section */

/* Begin PBXNativeTarget section */
		B0B300000000000000000001 /* HundredP */ = {
			isa = PBXNativeTarget;
			buildConfigurationList = B0B500000000000000000003 /* Build configuration list for PBXNativeTarget "HundredP" */;
			buildPhases = (
				B0B400000000000000000001 /* Sources */,
				B0B400000000000000000002 /* Frameworks */,
				B0B400000000000000000003 /* Resources */,
			);
			buildRules = (
			);
			dependencies = (
			);
			name = HundredP;
			productName = HundredP;
			productReference = B0B100000000000000000015 /* HundredP.app */;
			productType = "com.apple.product-type.application";
		};
		B0B300000000000000000002 /* HundredPTests */ = {
			isa = PBXNativeTarget;
			buildConfigurationList = B0B500000000000000000004 /* Build configuration list for PBXNativeTarget "HundredPTests" */;
			buildPhases = (
				B0B400000000000000000004 /* Sources */,
				B0B400000000000000000005 /* Frameworks */,
				B0B400000000000000000006 /* Resources */,
			);
			buildRules = (
			);
			dependencies = (
				B0B700000000000000000002 /* PBXTargetDependency */,
			);
			name = HundredPTests;
			productName = HundredPTests;
			productReference = B0B100000000000000000199 /* HundredPTests.xctest */;
			productType = "com.apple.product-type.bundle.unit-test";
		};
/* End PBXNativeTarget section */

/* Begin PBXProject section */
		B0B500000000000000000001 /* Project object */ = {
			isa = PBXProject;
			attributes = {
				BuildIndependentTargetsInParallel = 1;
				LastSwiftUpdateCheck = 1500;
				LastUpgradeCheck = 2610;
				TargetAttributes = {
					B0B300000000000000000001 = {
						CreatedOnToolsVersion = 15.0;
					};
					B0B300000000000000000002 = {
						CreatedOnToolsVersion = 15.0;
						TestTargetID = B0B300000000000000000001;
					};
				};
			};
			buildConfigurationList = B0B500000000000000000002 /* Build configuration list for PBXProject "HundredP" */;
			compatibilityVersion = "Xcode 14.0";
			developmentRegion = en;
			hasScannedForEncodings = 0;
			knownRegions = (
				en,
				Base,
			);
			mainGroup = B0B200000000000000000001;
			productRefGroup = B0B200000000000000000008 /* Products */;
			projectDirPath = "";
			projectRoot = "";
			targets = (
				B0B300000000000000000001 /* HundredP */,
				B0B300000000000000000002 /* HundredPTests */,
			);
		};
/* End PBXProject section */

/* Begin PBXResourcesBuildPhase section */
		B0B400000000000000000003 /* Resources */ = {
			isa = PBXResourcesBuildPhase;
			buildActionMask = 2147483647;
			files = (
				B0B000000000000000000013 /* Assets.xcassets in Resources */,
			);
			runOnlyForDeploymentPostprocessing = 0;
		};
		B0B400000000000000000006 /* Resources */ = {
			isa = PBXResourcesBuildPhase;
			buildActionMask = 2147483647;
			files = (
			);
			runOnlyForDeploymentPostprocessing = 0;
		};
/* End PBXResourcesBuildPhase section */

/* Begin PBXSourcesBuildPhase section */
		B0B400000000000000000001 /* Sources */ = {
			isa = PBXSourcesBuildPhase;
			buildActionMask = 2147483647;
			files = (
				B0B000000000000000000001 /* HundredPApp.swift in Sources */,
				B0B000000000000000000002 /* DeviceScale.swift in Sources */,
				B0B000000000000000000003 /* AppSettings.swift in Sources */,
				B0B000000000000000000004 /* NotebookPage.swift in Sources */,
				B0B000000000000000000005 /* iCloudFolderService.swift in Sources */,
				B0B000000000000000000006 /* NotebookStore.swift in Sources */,
				B0B000000000000000000007 /* PDFExporter.swift in Sources */,
				B0B000000000000000000008 /* ContentView.swift in Sources */,
				B0B000000000000000000009 /* FolderPickerView.swift in Sources */,
				B0B000000000000000000010 /* PagerView.swift in Sources */,
				B0B000000000000000000105 /* ResetDialogView.swift in Sources */,
				B0B000000000000000000104 /* PillButtonStyle.swift in Sources */,
				B0B000000000000000000011 /* PagerViewController.swift in Sources */,
				B0B000000000000000000012 /* HundredPCanvasView.swift in Sources */,
				67BCB3AD7273A1961B5CAB53 /* HundredP.icon in Sources */,
			);
			runOnlyForDeploymentPostprocessing = 0;
		};
		B0B400000000000000000004 /* Sources */ = {
			isa = PBXSourcesBuildPhase;
			buildActionMask = 2147483647;
			files = (
				B0B000000000000000000101 /* DeviceScaleTests.swift in Sources */,
				B0B000000000000000000102 /* PDFLayoutTests.swift in Sources */,
				B0B000000000000000000103 /* NotebookRolloverTests.swift in Sources */,
			);
			runOnlyForDeploymentPostprocessing = 0;
		};
/* End PBXSourcesBuildPhase section */

/* Begin PBXTargetDependency section */
		B0B700000000000000000002 /* PBXTargetDependency */ = {
			isa = PBXTargetDependency;
			target = B0B300000000000000000001 /* HundredP */;
			targetProxy = B0B700000000000000000001 /* PBXContainerItemProxy */;
		};
/* End PBXTargetDependency section */

/* Begin XCBuildConfiguration section */
		B0B600000000000000000001 /* Debug */ = {
			isa = XCBuildConfiguration;
			buildSettings = {
				ALWAYS_SEARCH_USER_PATHS = NO;
				ASSETCATALOG_COMPILER_GENERATE_SWIFT_ASSET_SYMBOL_EXTENSIONS = YES;
				CLANG_ANALYZER_NONNULL = YES;
				CLANG_ANALYZER_NUMBER_OBJECT_CONVERSION = YES_AGGRESSIVE;
				CLANG_CXX_LANGUAGE_STANDARD = "gnu++20";
				CLANG_ENABLE_MODULES = YES;
				CLANG_ENABLE_OBJC_ARC = YES;
				CLANG_ENABLE_OBJC_WEAK = YES;
				CLANG_WARN_BLOCK_CAPTURE_AUTORELEASING = YES;
				CLANG_WARN_BOOL_CONVERSION = YES;
				CLANG_WARN_COMMA = YES;
				CLANG_WARN_CONSTANT_CONVERSION = YES;
				CLANG_WARN_DEPRECATED_OBJC_IMPLEMENTATIONS = YES;
				CLANG_WARN_DIRECT_OBJC_ISA_USAGE = YES_ERROR;
				CLANG_WARN_DOCUMENTATION_COMMENTS = YES;
				CLANG_WARN_EMPTY_BODY = YES;
				CLANG_WARN_ENUM_CONVERSION = YES;
				CLANG_WARN_INFINITE_RECURSION = YES;
				CLANG_WARN_INT_CONVERSION = YES;
				CLANG_WARN_NON_LITERAL_NULL_CONVERSION = YES;
				CLANG_WARN_OBJC_IMPLICIT_RETAIN_SELF = YES;
				CLANG_WARN_OBJC_LITERAL_CONVERSION = YES;
				CLANG_WARN_OBJC_ROOT_CLASS = YES_ERROR;
				CLANG_WARN_QUOTED_INCLUDE_IN_FRAMEWORK_HEADER = YES;
				CLANG_WARN_RANGE_LOOP_ANALYSIS = YES;
				CLANG_WARN_STRICT_PROTOTYPES = YES;
				CLANG_WARN_SUSPICIOUS_MOVE = YES;
				CLANG_WARN_UNGUARDED_AVAILABILITY = YES_AGGRESSIVE;
				CLANG_WARN_UNREACHABLE_CODE = YES;
				CLANG_WARN__DUPLICATE_METHOD_MATCH = YES;
				COPY_PHASE_STRIP = NO;
				DEAD_CODE_STRIPPING = YES;
				DEBUG_INFORMATION_FORMAT = dwarf;
				ENABLE_STRICT_OBJC_MSGSEND = YES;
				ENABLE_TESTABILITY = YES;
				ENABLE_USER_SCRIPT_SANDBOXING = YES;
				GCC_C_LANGUAGE_STANDARD = gnu17;
				GCC_DYNAMIC_NO_PIC = NO;
				GCC_NO_COMMON_BLOCKS = YES;
				GCC_OPTIMIZATION_LEVEL = 0;
				GCC_PREPROCESSOR_DEFINITIONS = (
					"DEBUG=1",
					"$(inherited)",
				);
				GCC_WARN_64_TO_32_BIT_CONVERSION = YES;
				GCC_WARN_ABOUT_RETURN_TYPE = YES_ERROR;
				GCC_WARN_UNDECLARED_SELECTOR = YES;
				GCC_WARN_UNINITIALIZED_AUTOS = YES_AGGRESSIVE;
				GCC_WARN_UNUSED_FUNCTION = YES;
				GCC_WARN_UNUSED_VARIABLE = YES;
				IPHONEOS_DEPLOYMENT_TARGET = 17.0;
				LOCALIZATION_PREFERS_STRING_CATALOGS = YES;
				MTL_ENABLE_DEBUG_INFO = INCLUDE_SOURCE;
				MTL_FAST_MATH = YES;
				ONLY_ACTIVE_ARCH = YES;
				SDKROOT = iphoneos;
				STRING_CATALOG_GENERATE_SYMBOLS = YES;
				SWIFT_ACTIVE_COMPILATION_CONDITIONS = "DEBUG $(inherited)";
				SWIFT_OPTIMIZATION_LEVEL = "-Onone";
			};
			name = Debug;
		};
		B0B600000000000000000002 /* Release */ = {
			isa = XCBuildConfiguration;
			buildSettings = {
				ALWAYS_SEARCH_USER_PATHS = NO;
				ASSETCATALOG_COMPILER_GENERATE_SWIFT_ASSET_SYMBOL_EXTENSIONS = YES;
				CLANG_ANALYZER_NONNULL = YES;
				CLANG_ANALYZER_NUMBER_OBJECT_CONVERSION = YES_AGGRESSIVE;
				CLANG_CXX_LANGUAGE_STANDARD = "gnu++20";
				CLANG_ENABLE_MODULES = YES;
				CLANG_ENABLE_OBJC_ARC = YES;
				CLANG_ENABLE_OBJC_WEAK = YES;
				CLANG_WARN_BLOCK_CAPTURE_AUTORELEASING = YES;
				CLANG_WARN_BOOL_CONVERSION = YES;
				CLANG_WARN_COMMA = YES;
				CLANG_WARN_CONSTANT_CONVERSION = YES;
				CLANG_WARN_DEPRECATED_OBJC_IMPLEMENTATIONS = YES;
				CLANG_WARN_DIRECT_OBJC_ISA_USAGE = YES_ERROR;
				CLANG_WARN_DOCUMENTATION_COMMENTS = YES;
				CLANG_WARN_EMPTY_BODY = YES;
				CLANG_WARN_ENUM_CONVERSION = YES;
				CLANG_WARN_INFINITE_RECURSION = YES;
				CLANG_WARN_INT_CONVERSION = YES;
				CLANG_WARN_NON_LITERAL_NULL_CONVERSION = YES;
				CLANG_WARN_OBJC_IMPLICIT_RETAIN_SELF = YES;
				CLANG_WARN_OBJC_LITERAL_CONVERSION = YES;
				CLANG_WARN_OBJC_ROOT_CLASS = YES_ERROR;
				CLANG_WARN_QUOTED_INCLUDE_IN_FRAMEWORK_HEADER = YES;
				CLANG_WARN_RANGE_LOOP_ANALYSIS = YES;
				CLANG_WARN_STRICT_PROTOTYPES = YES;
				CLANG_WARN_SUSPICIOUS_MOVE = YES;
				CLANG_WARN_UNGUARDED_AVAILABILITY = YES_AGGRESSIVE;
				CLANG_WARN_UNREACHABLE_CODE = YES;
				CLANG_WARN__DUPLICATE_METHOD_MATCH = YES;
				COPY_PHASE_STRIP = NO;
				DEAD_CODE_STRIPPING = YES;
				DEBUG_INFORMATION_FORMAT = "dwarf-with-dsym";
				ENABLE_NS_ASSERTIONS = NO;
				ENABLE_STRICT_OBJC_MSGSEND = YES;
				ENABLE_USER_SCRIPT_SANDBOXING = YES;
				GCC_C_LANGUAGE_STANDARD = gnu17;
				GCC_NO_COMMON_BLOCKS = YES;
				GCC_WARN_64_TO_32_BIT_CONVERSION = YES;
				GCC_WARN_ABOUT_RETURN_TYPE = YES_ERROR;
				GCC_WARN_UNDECLARED_SELECTOR = YES;
				GCC_WARN_UNINITIALIZED_AUTOS = YES_AGGRESSIVE;
				GCC_WARN_UNUSED_FUNCTION = YES;
				GCC_WARN_UNUSED_VARIABLE = YES;
				IPHONEOS_DEPLOYMENT_TARGET = 17.0;
				LOCALIZATION_PREFERS_STRING_CATALOGS = YES;
				MTL_ENABLE_DEBUG_INFO = NO;
				MTL_FAST_MATH = YES;
				SDKROOT = iphoneos;
				STRING_CATALOG_GENERATE_SYMBOLS = YES;
				SWIFT_COMPILATION_MODE = wholemodule;
			};
			name = Release;
		};
		B0B600000000000000000003 /* Debug */ = {
			isa = XCBuildConfiguration;
			buildSettings = {
				ASSETCATALOG_COMPILER_APPICON_NAME = HundredP;
				CODE_SIGN_ENTITLEMENTS = HundredP/HundredP.entitlements;
				CODE_SIGN_STYLE = Automatic;
				CURRENT_PROJECT_VERSION = 1;
				GENERATE_INFOPLIST_FILE = YES;
				INFOPLIST_KEY_CFBundleDisplayName = "Hundred Pages";
				INFOPLIST_KEY_LSApplicationCategoryType = "public.app-category.productivity";
				INFOPLIST_KEY_UIApplicationSceneManifest_Generation = YES;
				INFOPLIST_KEY_UIApplicationSupportsIndirectInputEvents = YES;
				INFOPLIST_KEY_UILaunchScreen_Generation = YES;
				INFOPLIST_KEY_UISupportedInterfaceOrientations_iPad = UIInterfaceOrientationPortrait;
				LD_RUNPATH_SEARCH_PATHS = (
					"$(inherited)",
					"@executable_path/Frameworks",
				);
				MARKETING_VERSION = 1.0;
				PRODUCT_BUNDLE_IDENTIFIER = com.example.hundredp;
				PRODUCT_NAME = HundredP;
				SWIFT_EMIT_LOC_STRINGS = YES;
				SWIFT_VERSION = 5.0;
				TARGETED_DEVICE_FAMILY = 2;
			};
			name = Debug;
		};
		B0B600000000000000000004 /* Release */ = {
			isa = XCBuildConfiguration;
			buildSettings = {
				ASSETCATALOG_COMPILER_APPICON_NAME = HundredP;
				CODE_SIGN_ENTITLEMENTS = HundredP/HundredP.entitlements;
				CODE_SIGN_STYLE = Automatic;
				CURRENT_PROJECT_VERSION = 1;
				GENERATE_INFOPLIST_FILE = YES;
				INFOPLIST_KEY_CFBundleDisplayName = "Hundred Pages";
				INFOPLIST_KEY_LSApplicationCategoryType = "public.app-category.productivity";
				INFOPLIST_KEY_UIApplicationSceneManifest_Generation = YES;
				INFOPLIST_KEY_UIApplicationSupportsIndirectInputEvents = YES;
				INFOPLIST_KEY_UILaunchScreen_Generation = YES;
				INFOPLIST_KEY_UISupportedInterfaceOrientations_iPad = UIInterfaceOrientationPortrait;
				LD_RUNPATH_SEARCH_PATHS = (
					"$(inherited)",
					"@executable_path/Frameworks",
				);
				MARKETING_VERSION = 1.0;
				PRODUCT_BUNDLE_IDENTIFIER = com.example.hundredp;
				PRODUCT_NAME = HundredP;
				SWIFT_EMIT_LOC_STRINGS = YES;
				SWIFT_VERSION = 5.0;
				TARGETED_DEVICE_FAMILY = 2;
				VALIDATE_PRODUCT = YES;
			};
			name = Release;
		};
		B0B600000000000000000005 /* Debug */ = {
			isa = XCBuildConfiguration;
			buildSettings = {
				BUNDLE_LOADER = "$(TEST_HOST)";
				CODE_SIGN_STYLE = Automatic;
				CURRENT_PROJECT_VERSION = 1;
				GENERATE_INFOPLIST_FILE = YES;
				MARKETING_VERSION = 1.0;
				PRODUCT_BUNDLE_IDENTIFIER = com.example.hundredp.tests;
				PRODUCT_NAME = HundredPTests;
				SWIFT_EMIT_LOC_STRINGS = YES;
				SWIFT_VERSION = 5.0;
				TARGETED_DEVICE_FAMILY = 2;
				TEST_HOST = "$(BUILT_PRODUCTS_DIR)/HundredP.app/HundredP";
			};
			name = Debug;
		};
		B0B600000000000000000006 /* Release */ = {
			isa = XCBuildConfiguration;
			buildSettings = {
				BUNDLE_LOADER = "$(TEST_HOST)";
				CODE_SIGN_STYLE = Automatic;
				CURRENT_PROJECT_VERSION = 1;
				GENERATE_INFOPLIST_FILE = YES;
				MARKETING_VERSION = 1.0;
				PRODUCT_BUNDLE_IDENTIFIER = com.example.hundredp.tests;
				PRODUCT_NAME = HundredPTests;
				SWIFT_EMIT_LOC_STRINGS = YES;
				SWIFT_VERSION = 5.0;
				TARGETED_DEVICE_FAMILY = 2;
				TEST_HOST = "$(BUILT_PRODUCTS_DIR)/HundredP.app/HundredP";
			};
			name = Release;
		};
/* End XCBuildConfiguration section */

/* Begin XCConfigurationList section */
		B0B500000000000000000002 /* Build configuration list for PBXProject "HundredP" */ = {
			isa = XCConfigurationList;
			buildConfigurations = (
				B0B600000000000000000001 /* Debug */,
				B0B600000000000000000002 /* Release */,
			);
			defaultConfigurationIsVisible = 0;
			defaultConfigurationName = Release;
		};
		B0B500000000000000000003 /* Build configuration list for PBXNativeTarget "HundredP" */ = {
			isa = XCConfigurationList;
			buildConfigurations = (
				B0B600000000000000000003 /* Debug */,
				B0B600000000000000000004 /* Release */,
			);
			defaultConfigurationIsVisible = 0;
			defaultConfigurationName = Release;
		};
		B0B500000000000000000004 /* Build configuration list for PBXNativeTarget "HundredPTests" */ = {
			isa = XCConfigurationList;
			buildConfigurations = (
				B0B600000000000000000005 /* Debug */,
				B0B600000000000000000006 /* Release */,
			);
			defaultConfigurationIsVisible = 0;
			defaultConfigurationName = Release;
		};
/* End XCConfigurationList section */
	};
	rootObject = B0B500000000000000000001 /* Project object */;
}
